
Microsoft Visual Studio Solution File, Format Version 12.00
# Visual Studio Version 17
VisualStudioVersion = 17.4.33122.133
MinimumVisualStudioVersion = 10.0.40219.1
Project("{9A19103F-16F7-4668-BE54-9A1E7A4F7556}") = "DogWalkingApi", "Src\DogWalkingApi.csproj", "{99D74517-AEAC-4A0C-B783-08BC40BDD542}"
EndProject
Project("{9A19103F-16F7-4668-BE54-9A1E7A4F7556}") = "PostmanTests", "Tests\PostmanTests\PostmanTests.csproj", "{2D60F9CD-876F-489A-9C52-078A8F392821}"
EndProject
Project("{9A19103F-16F7-4668-BE54-9A1E7A4F7556}") = "UnitTests", "Tests\UnitTests\UnitTests.csproj", "{95EB7422-F554-478C-B55D-8371D345D0A4}"
EndProject
Project("{2150E333-8FDC-42A3-9474-1A3956D46DE8}") = "src", "src", "{035B4223-C127-4A45-9A3E-615077A4DD22}"
EndProject
Project("{2150E333-8FDC-42A3-9474-1A3956D46DE8}") = "tests", "tests", "{49BE596B-1574-43A5-AFE6-2B2E2416CC06}"
EndProject
Global
	GlobalSection(SolutionConfigurationPlatforms) = preSolution
		Debug|Any CPU = Debug|Any CPU
		Release|Any CPU = Release|Any CPU
	EndGlobalSection
	GlobalSection(ProjectConfigurationPlatforms) = postSolution
		{99D74517-AEAC-4A0C-B783-08BC40BDD542}.Debug|Any CPU.ActiveCfg = Debug|Any CPU
		{99D74517-AEAC-4A0C-B783-08BC40BDD542}.Debug|Any CPU.Build.0 = Debug|Any CPU
		{99D74517-AEAC-4A0C-B783-08BC40BDD542}.Release|Any CPU.ActiveCfg = Release|Any CPU
		{99D74517-AEAC-4A0C-B783-08BC40BDD542}.Release|Any CPU.Build.0 = Release|Any CPU
		{2D60F9CD-876F-489A-9C52-078A8F392821}.Debug|Any CPU.ActiveCfg = Debug|Any CPU
		{2D60F9CD-876F-489A-9C52-078A8F392821}.Debug|Any CPU.Build.0 = Debug|Any CPU
		{2D60F9CD-876F-489A-9C52-078A8F392821}.Release|Any CPU.ActiveCfg = Release|Any CPU
		{2D60F9CD-876F-489A-9C52-078A8F392821}.Release|Any CPU.Build.0 = Release|Any CPU
		{95EB7422-F554-478C-B55D-8371D345D0A4}.Debug|Any CPU.ActiveCfg = Debug|Any CPU
		{95EB7422-F554-478C-B55D-8371D345D0A4}.Debug|Any CPU.Build.0 = Debug|Any CPU
		{95EB7422-F554-478C-B55D-8371D345D0A4}.Release|Any CPU.ActiveCfg = Release|Any CPU
		{95EB7422-F554-478C-B55D-8371D345D0A4}.Release|Any CPU.Build.0 = Release|Any CPU
	EndGlobalSection
	GlobalSection(SolutionProperties) = preSolution
		HideSolutionNode = FALSE
	EndGlobalSection
	GlobalSection(NestedProjects) = preSolution
		{99D74517-AEAC-4A0C-B783-08BC40BDD542} = {035B4223-C127-4A45-9A3E-615077A4DD22}
		{2D60F9CD-876F-489A-9C52-078A8F392821} = {49BE596B-1574-43A5-AFE6-2B2E2416CC06}
		{95EB7422-F554-478C-B55D-8371D345D0A4} = {49BE596B-1574-43A5-AFE6-2B2E2416CC06}
	EndGlobalSection
	GlobalSection(ExtensibilityGlobals) = postSolution
		SolutionGuid = {6AD99424-664E-41AB-97B9-1F1A60333BBF}
	EndGlobalSection
EndGlobal
