
Microsoft Visual Studio Solution File, Format Version 12.00
# Visual Studio Version 17
VisualStudioVersion = 17.4.33122.133
MinimumVisualStudioVersion = 10.0.40219.1
Project("{FAE04EC0-301F-11D3-BF4B-00C04F79EFBC}") = "DogWalkingApi", "DogWalkingApi.csproj", "{8FF54D4C-8384-472D-9795-C1CC916BD471}"
EndProject
Global
	GlobalSection(SolutionConfigurationPlatforms) = preSolution
		Debug|Any CPU = Debug|Any CPU
		Release|Any CPU = Release|Any CPU
	EndGlobalSection
	GlobalSection(ProjectConfigurationPlatforms) = postSolution
		{8FF54D4C-8384-472D-9795-C1CC916BD471}.Debug|Any CPU.ActiveCfg = Debug|Any CPU
		{8FF54D4C-8384-472D-9795-C1CC916BD471}.Debug|Any CPU.Build.0 = Debug|Any CPU
		{8FF54D4C-8384-472D-9795-C1CC916BD471}.Release|Any CPU.ActiveCfg = Release|Any CPU
		{8FF54D4C-8384-472D-9795-C1CC916BD471}.Release|Any CPU.Build.0 = Release|Any CPU
	EndGlobalSection
	GlobalSection(SolutionProperties) = preSolution
		HideSolutionNode = FALSE
	EndGlobalSection
	GlobalSection(ExtensibilityGlobals) = postSolution
		SolutionGuid = {6AD99424-664E-41AB-97B9-1F1A60333BBF}
	EndGlobalSection
EndGlobal
